
Microsoft Visual Studio Solution File, Format Version 12.00
# Visual Studio 15
VisualStudioVersion = 15.0.26124.0
MinimumVisualStudioVersion = 15.0.26124.0
Project("{2150E333-8FDC-42A3-9474-1A3956D46DE8}") = "test", "test", "{1AE24ECC-48B4-4AA3-9A21-239589C077E4}"
EndProject
Project("{FAE04EC0-301F-11D3-BF4B-00C04F79EFBC}") = "Plazius.Routes", "src\Plazius.Routes\Plazius.Routes.csproj", "{1E897E39-8F37-4A7E-8340-C54DEE669647}"
EndProject
Project("{FAE04EC0-301F-11D3-BF4B-00C04F79EFBC}") = "Plazius.RouteBuilderTests", "tests\Plazius.RouteBuilder.Tests\Plazius.RouteBuilderTests.csproj", "{E543CA97-D179-44CC-980C-8E7CF7B4C9F1}"
EndProject
Project("{FAE04EC0-301F-11D3-BF4B-00C04F79EFBC}") = "Plazius.Demo", "src\Plazius.Demo\Plazius.Demo.csproj", "{93DF03CB-8696-4D21-8CB4-D3ABA00E3EF8}"
EndProject
Global
	GlobalSection(SolutionConfigurationPlatforms) = preSolution
		Debug|Any CPU = Debug|Any CPU
		Debug|x64 = Debug|x64
		Debug|x86 = Debug|x86
		Release|Any CPU = Release|Any CPU
		Release|x64 = Release|x64
		Release|x86 = Release|x86
	EndGlobalSection
	GlobalSection(ProjectConfigurationPlatforms) = postSolution
		{1E897E39-8F37-4A7E-8340-C54DEE669647}.Debug|Any CPU.ActiveCfg = Debug|Any CPU
		{1E897E39-8F37-4A7E-8340-C54DEE669647}.Debug|Any CPU.Build.0 = Debug|Any CPU
		{1E897E39-8F37-4A7E-8340-C54DEE669647}.Debug|x64.ActiveCfg = Debug|Any CPU
		{1E897E39-8F37-4A7E-8340-C54DEE669647}.Debug|x64.Build.0 = Debug|Any CPU
		{1E897E39-8F37-4A7E-8340-C54DEE669647}.Debug|x86.ActiveCfg = Debug|Any CPU
		{1E897E39-8F37-4A7E-8340-C54DEE669647}.Debug|x86.Build.0 = Debug|Any CPU
		{1E897E39-8F37-4A7E-8340-C54DEE669647}.Release|Any CPU.ActiveCfg = Release|Any CPU
		{1E897E39-8F37-4A7E-8340-C54DEE669647}.Release|Any CPU.Build.0 = Release|Any CPU
		{1E897E39-8F37-4A7E-8340-C54DEE669647}.Release|x64.ActiveCfg = Release|Any CPU
		{1E897E39-8F37-4A7E-8340-C54DEE669647}.Release|x64.Build.0 = Release|Any CPU
		{1E897E39-8F37-4A7E-8340-C54DEE669647}.Release|x86.ActiveCfg = Release|Any CPU
		{1E897E39-8F37-4A7E-8340-C54DEE669647}.Release|x86.Build.0 = Release|Any CPU
		{E543CA97-D179-44CC-980C-8E7CF7B4C9F1}.Debug|Any CPU.ActiveCfg = Debug|Any CPU
		{E543CA97-D179-44CC-980C-8E7CF7B4C9F1}.Debug|Any CPU.Build.0 = Debug|Any CPU
		{E543CA97-D179-44CC-980C-8E7CF7B4C9F1}.Debug|x64.ActiveCfg = Debug|Any CPU
		{E543CA97-D179-44CC-980C-8E7CF7B4C9F1}.Debug|x64.Build.0 = Debug|Any CPU
		{E543CA97-D179-44CC-980C-8E7CF7B4C9F1}.Debug|x86.ActiveCfg = Debug|Any CPU
		{E543CA97-D179-44CC-980C-8E7CF7B4C9F1}.Debug|x86.Build.0 = Debug|Any CPU
		{E543CA97-D179-44CC-980C-8E7CF7B4C9F1}.Release|Any CPU.ActiveCfg = Release|Any CPU
		{E543CA97-D179-44CC-980C-8E7CF7B4C9F1}.Release|Any CPU.Build.0 = Release|Any CPU
		{E543CA97-D179-44CC-980C-8E7CF7B4C9F1}.Release|x64.ActiveCfg = Release|Any CPU
		{E543CA97-D179-44CC-980C-8E7CF7B4C9F1}.Release|x64.Build.0 = Release|Any CPU
		{E543CA97-D179-44CC-980C-8E7CF7B4C9F1}.Release|x86.ActiveCfg = Release|Any CPU
		{E543CA97-D179-44CC-980C-8E7CF7B4C9F1}.Release|x86.Build.0 = Release|Any CPU
		{93DF03CB-8696-4D21-8CB4-D3ABA00E3EF8}.Debug|Any CPU.ActiveCfg = Debug|Any CPU
		{93DF03CB-8696-4D21-8CB4-D3ABA00E3EF8}.Debug|Any CPU.Build.0 = Debug|Any CPU
		{93DF03CB-8696-4D21-8CB4-D3ABA00E3EF8}.Debug|x64.ActiveCfg = Debug|Any CPU
		{93DF03CB-8696-4D21-8CB4-D3ABA00E3EF8}.Debug|x64.Build.0 = Debug|Any CPU
		{93DF03CB-8696-4D21-8CB4-D3ABA00E3EF8}.Debug|x86.ActiveCfg = Debug|Any CPU
		{93DF03CB-8696-4D21-8CB4-D3ABA00E3EF8}.Debug|x86.Build.0 = Debug|Any CPU
		{93DF03CB-8696-4D21-8CB4-D3ABA00E3EF8}.Release|Any CPU.ActiveCfg = Release|Any CPU
		{93DF03CB-8696-4D21-8CB4-D3ABA00E3EF8}.Release|Any CPU.Build.0 = Release|Any CPU
		{93DF03CB-8696-4D21-8CB4-D3ABA00E3EF8}.Release|x64.ActiveCfg = Release|Any CPU
		{93DF03CB-8696-4D21-8CB4-D3ABA00E3EF8}.Release|x64.Build.0 = Release|Any CPU
		{93DF03CB-8696-4D21-8CB4-D3ABA00E3EF8}.Release|x86.ActiveCfg = Release|Any CPU
		{93DF03CB-8696-4D21-8CB4-D3ABA00E3EF8}.Release|x86.Build.0 = Release|Any CPU
	EndGlobalSection
	GlobalSection(SolutionProperties) = preSolution
		HideSolutionNode = FALSE
	EndGlobalSection
	GlobalSection(NestedProjects) = preSolution
		{E543CA97-D179-44CC-980C-8E7CF7B4C9F1} = {1AE24ECC-48B4-4AA3-9A21-239589C077E4}
	EndGlobalSection
	GlobalSection(ExtensibilityGlobals) = postSolution
		SolutionGuid = {D16DDD2B-BCAC-4612-9618-1543EAD17C09}
	EndGlobalSection
EndGlobal
